
Microsoft Visual Studio Solution File, Format Version 12.00
# Visual Studio Version 17
VisualStudioVersion = 17.14.36327.8
MinimumVisualStudioVersion = 10.0.40219.1
Project("{FAE04EC0-301F-11D3-BF4B-00C04F79EFBC}") = "CoreBanking.AppHost", "CoreBanking\CoreBanking.AppHost\CoreBanking.AppHost.csproj", "{BFF3523C-BAB6-460D-AAAF-EBA2613C2CD4}"
EndProject
Project("{FAE04EC0-301F-11D3-BF4B-00C04F79EFBC}") = "CoreBanking.ServiceDefaults", "CoreBanking\CoreBanking.ServiceDefaults\CoreBanking.ServiceDefaults.csproj", "{EACDAEB1-1368-109B-9D43-CCC8E8B1678D}"
EndProject
Project("{FAE04EC0-301F-11D3-BF4B-00C04F79EFBC}") = "CoreBanking.API", "CoreBanking.API\CoreBanking.API.csproj", "{6F3C4C29-CA35-4374-9AFD-F0C1C7AEAFB1}"
EndProject
Project("{FAE04EC0-301F-11D3-BF4B-00C04F79EFBC}") = "CoreBanking.Infrastructure", "CoreBanking.Infrastructure\CoreBanking.Infrastructure.csproj", "{C04F4789-0A11-4DFA-90F3-C52B6EB00252}"
EndProject
Project("{FAE04EC0-301F-11D3-BF4B-00C04F79EFBC}") = "CoreBanking.MigrationService", "CoreBanking.MigrationService\CoreBanking.MigrationService.csproj", "{D2291338-BA3E-48CA-9692-D157A5163BFC}"
EndProject
Project("{FAE04EC0-301F-11D3-BF4B-00C04F79EFBC}") = "CoreBanking.UnitTests", "CoreBanking.UnitTests\CoreBanking.UnitTests.csproj", "{D99CD858-52BF-4F9C-8585-7F9F44203E99}"
EndProject
Project("{FAE04EC0-301F-11D3-BF4B-00C04F79EFBC}") = "CoreBanking.IntegrationTests", "CoreBanking.IntegrationTests\CoreBanking.IntegrationTests.csproj", "{0F39199D-6CD3-4A7D-B9A5-72DA3B6FF8B9}"
EndProject
Global
	GlobalSection(SolutionConfigurationPlatforms) = preSolution
		Debug|Any CPU = Debug|Any CPU
		Release|Any CPU = Release|Any CPU
	EndGlobalSection
	GlobalSection(ProjectConfigurationPlatforms) = postSolution
		{BFF3523C-BAB6-460D-AAAF-EBA2613C2CD4}.Debug|Any CPU.ActiveCfg = Debug|Any CPU
		{BFF3523C-BAB6-460D-AAAF-EBA2613C2CD4}.Debug|Any CPU.Build.0 = Debug|Any CPU
		{BFF3523C-BAB6-460D-AAAF-EBA2613C2CD4}.Release|Any CPU.ActiveCfg = Release|Any CPU
		{BFF3523C-BAB6-460D-AAAF-EBA2613C2CD4}.Release|Any CPU.Build.0 = Release|Any CPU
		{EACDAEB1-1368-109B-9D43-CCC8E8B1678D}.Debug|Any CPU.ActiveCfg = Debug|Any CPU
		{EACDAEB1-1368-109B-9D43-CCC8E8B1678D}.Debug|Any CPU.Build.0 = Debug|Any CPU
		{EACDAEB1-1368-109B-9D43-CCC8E8B1678D}.Release|Any CPU.ActiveCfg = Release|Any CPU
		{EACDAEB1-1368-109B-9D43-CCC8E8B1678D}.Release|Any CPU.Build.0 = Release|Any CPU
		{6F3C4C29-CA35-4374-9AFD-F0C1C7AEAFB1}.Debug|Any CPU.ActiveCfg = Debug|Any CPU
		{6F3C4C29-CA35-4374-9AFD-F0C1C7AEAFB1}.Debug|Any CPU.Build.0 = Debug|Any CPU
		{6F3C4C29-CA35-4374-9AFD-F0C1C7AEAFB1}.Release|Any CPU.ActiveCfg = Release|Any CPU
		{6F3C4C29-CA35-4374-9AFD-F0C1C7AEAFB1}.Release|Any CPU.Build.0 = Release|Any CPU
		{C04F4789-0A11-4DFA-90F3-C52B6EB00252}.Debug|Any CPU.ActiveCfg = Debug|Any CPU
		{C04F4789-0A11-4DFA-90F3-C52B6EB00252}.Debug|Any CPU.Build.0 = Debug|Any CPU
		{C04F4789-0A11-4DFA-90F3-C52B6EB00252}.Release|Any CPU.ActiveCfg = Release|Any CPU
		{C04F4789-0A11-4DFA-90F3-C52B6EB00252}.Release|Any CPU.Build.0 = Release|Any CPU
		{D2291338-BA3E-48CA-9692-D157A5163BFC}.Debug|Any CPU.ActiveCfg = Debug|Any CPU
		{D2291338-BA3E-48CA-9692-D157A5163BFC}.Debug|Any CPU.Build.0 = Debug|Any CPU
		{D2291338-BA3E-48CA-9692-D157A5163BFC}.Release|Any CPU.ActiveCfg = Release|Any CPU
		{D2291338-BA3E-48CA-9692-D157A5163BFC}.Release|Any CPU.Build.0 = Release|Any CPU
		{D99CD858-52BF-4F9C-8585-7F9F44203E99}.Debug|Any CPU.ActiveCfg = Debug|Any CPU
		{D99CD858-52BF-4F9C-8585-7F9F44203E99}.Debug|Any CPU.Build.0 = Debug|Any CPU
		{D99CD858-52BF-4F9C-8585-7F9F44203E99}.Release|Any CPU.ActiveCfg = Release|Any CPU
		{D99CD858-52BF-4F9C-8585-7F9F44203E99}.Release|Any CPU.Build.0 = Release|Any CPU
		{0F39199D-6CD3-4A7D-B9A5-72DA3B6FF8B9}.Debug|Any CPU.ActiveCfg = Debug|Any CPU
		{0F39199D-6CD3-4A7D-B9A5-72DA3B6FF8B9}.Debug|Any CPU.Build.0 = Debug|Any CPU
		{0F39199D-6CD3-4A7D-B9A5-72DA3B6FF8B9}.Release|Any CPU.ActiveCfg = Release|Any CPU
		{0F39199D-6CD3-4A7D-B9A5-72DA3B6FF8B9}.Release|Any CPU.Build.0 = Release|Any CPU
	EndGlobalSection
	GlobalSection(SolutionProperties) = preSolution
		HideSolutionNode = FALSE
	EndGlobalSection
	GlobalSection(ExtensibilityGlobals) = postSolution
		SolutionGuid = {111CE39E-D751-4A85-8392-B444B4132EB3}
	EndGlobalSection
EndGlobal
